// !$*UTF8*$!
{
	archiveVersion = 1;
	classes = {
	};
	objectVersion = 46;
	objects = {

/* Begin PBXBuildFile section */
		6399ACB11573E4A3005A2290 /* CalculatorBrain.m in Sources */ = {isa = PBXBuildFile; fileRef = 6399ACB01573E4A3005A2290 /* CalculatorBrain.m */; };
		63F703221572DB64005E29BA /* UIKit.framework in Frameworks */ = {isa = PBXBuildFile; fileRef = 63F703211572DB64005E29BA /* UIKit.framework */; };
		63F703241572DB64005E29BA /* Foundation.framework in Frameworks */ = {isa = PBXBuildFile; fileRef = 63F703231572DB64005E29BA /* Foundation.framework */; };
		63F703261572DB64005E29BA /* CoreGraphics.framework in Frameworks */ = {isa = PBXBuildFile; fileRef = 63F703251572DB64005E29BA /* CoreGraphics.framework */; };
		63F7032C1572DB64005E29BA /* InfoPlist.strings in Resources */ = {isa = PBXBuildFile; fileRef = 63F7032A1572DB64005E29BA /* InfoPlist.strings */; };
		63F7032E1572DB64005E29BA /* main.m in Sources */ = {isa = PBXBuildFile; fileRef = 63F7032D1572DB64005E29BA /* main.m */; };
		63F703321572DB64005E29BA /* CalculatorAppDelegate.m in Sources */ = {isa = PBXBuildFile; fileRef = 63F703311572DB64005E29BA /* CalculatorAppDelegate.m */; };
		63F703351572DB64005E29BA /* MainStoryboard.storyboard in Resources */ = {isa = PBXBuildFile; fileRef = 63F703331572DB64005E29BA /* MainStoryboard.storyboard */; };
		63F703381572DB64005E29BA /* CalculatorViewController.m in Sources */ = {isa = PBXBuildFile; fileRef = 63F703371572DB64005E29BA /* CalculatorViewController.m */; };
/* End PBXBuildFile section */

/* Begin PBXFileReference section */
		6399ACAF1573E4A3005A2290 /* CalculatorBrain.h */ = {isa = PBXFileReference; fileEncoding = 4; lastKnownFileType = sourcecode.c.h; path = CalculatorBrain.h; sourceTree = "<group>"; };
		6399ACB01573E4A3005A2290 /* CalculatorBrain.m */ = {isa = PBXFileReference; fileEncoding = 4; lastKnownFileType = sourcecode.c.objc; path = CalculatorBrain.m; sourceTree = "<group>"; };
		63F7031D1572DB64005E29BA /* RpnCalculator.app */ = {isa = PBXFileReference; explicitFileType = wrapper.application; includeInIndex = 0; path = RpnCalculator.app; sourceTree = BUILT_PRODUCTS_DIR; };
		63F703211572DB64005E29BA /* UIKit.framework */ = {isa = PBXFileReference; lastKnownFileType = wrapper.framework; name = UIKit.framework; path = System/Library/Frameworks/UIKit.framework; sourceTree = SDKROOT; };
		63F703231572DB64005E29BA /* Foundation.framework */ = {isa = PBXFileReference; lastKnownFileType = wrapper.framework; name = Foundation.framework; path = System/Library/Frameworks/Foundation.framework; sourceTree = SDKROOT; };
		63F703251572DB64005E29BA /* CoreGraphics.framework */ = {isa = PBXFileReference; lastKnownFileType = wrapper.framework; name = CoreGraphics.framework; path = System/Library/Frameworks/CoreGraphics.framework; sourceTree = SDKROOT; };
		63F703291572DB64005E29BA /* RpnCalculator-Info.plist */ = {isa = PBXFileReference; lastKnownFileType = text.plist.xml; path = "RpnCalculator-Info.plist"; sourceTree = "<group>"; };
		63F7032B1572DB64005E29BA /* en */ = {isa = PBXFileReference; lastKnownFileType = text.plist.strings; name = en; path = en.lproj/InfoPlist.strings; sourceTree = "<group>"; };
		63F7032D1572DB64005E29BA /* main.m */ = {isa = PBXFileReference; lastKnownFileType = sourcecode.c.objc; path = main.m; sourceTree = "<group>"; };
		63F7032F1572DB64005E29BA /* RpnCalculator-Prefix.pch */ = {isa = PBXFileReference; lastKnownFileType = sourcecode.c.h; path = "RpnCalculator-Prefix.pch"; sourceTree = "<group>"; };
		63F703301572DB64005E29BA /* CalculatorAppDelegate.h */ = {isa = PBXFileReference; lastKnownFileType = sourcecode.c.h; path = CalculatorAppDelegate.h; sourceTree = "<group>"; };
		63F703311572DB64005E29BA /* CalculatorAppDelegate.m */ = {isa = PBXFileReference; lastKnownFileType = sourcecode.c.objc; path = CalculatorAppDelegate.m; sourceTree = "<group>"; };
		63F703341572DB64005E29BA /* en */ = {isa = PBXFileReference; lastKnownFileType = file.storyboard; name = en; path = en.lproj/MainStoryboard.storyboard; sourceTree = "<group>"; };
		63F703361572DB64005E29BA /* CalculatorViewController.h */ = {isa = PBXFileReference; lastKnownFileType = sourcecode.c.h; path = CalculatorViewController.h; sourceTree = "<group>"; };
		63F703371572DB64005E29BA /* CalculatorViewController.m */ = {isa = PBXFileReference; lastKnownFileType = sourcecode.c.objc; path = CalculatorViewController.m; sourceTree = "<group>"; };
/* End PBXFileReference section */

/* Begin PBXFrameworksBuildPhase section */
		63F7031A1572DB64005E29BA /* Frameworks */ = {
			isa = PBXFrameworksBuildPhase;
			buildActionMask = 2147483647;
			files = (
				63F703221572DB64005E29BA /* UIKit.framework in Frameworks */,
				63F703241572DB64005E29BA /* Foundation.framework in Frameworks */,
				63F703261572DB64005E29BA /* CoreGraphics.framework in Frameworks */,
			);
			runOnlyForDeploymentPostprocessing = 0;
		};
/* End PBXFrameworksBuildPhase section */

/* Begin PBXGroup section */
		63F703121572DB64005E29BA = {
			isa = PBXGroup;
			children = (
				63F703271572DB64005E29BA /* RpnCalculator */,
				63F703201572DB64005E29BA /* Frameworks */,
				63F7031E1572DB64005E29BA /* Products */,
			);
			sourceTree = "<group>";
		};
		63F7031E1572DB64005E29BA /* Products */ = {
			isa = PBXGroup;
			children = (
				63F7031D1572DB64005E29BA /* RpnCalculator.app */,
			);
			name = Products;
			sourceTree = "<group>";
		};
		63F703201572DB64005E29BA /* Frameworks */ = {
			isa = PBXGroup;
			children = (
				63F703211572DB64005E29BA /* UIKit.framework */,
				63F703231572DB64005E29BA /* Foundation.framework */,
				63F703251572DB64005E29BA /* CoreGraphics.framework */,
			);
			name = Frameworks;
			sourceTree = "<group>";
		};
		63F703271572DB64005E29BA /* RpnCalculator */ = {
			isa = PBXGroup;
			children = (
				6399ACAF1573E4A3005A2290 /* CalculatorBrain.h */,
				6399ACB01573E4A3005A2290 /* CalculatorBrain.m */,
				63F703301572DB64005E29BA /* CalculatorAppDelegate.h */,
				63F703311572DB64005E29BA /* CalculatorAppDelegate.m */,
				63F703331572DB64005E29BA /* MainStoryboard.storyboard */,
				63F703361572DB64005E29BA /* CalculatorViewController.h */,
				63F703371572DB64005E29BA /* CalculatorViewController.m */,
				63F703281572DB64005E29BA /* Supporting Files */,
			);
			path = RpnCalculator;
			sourceTree = "<group>";
		};
		63F703281572DB64005E29BA /* Supporting Files */ = {
			isa = PBXGroup;
			children = (
				63F703291572DB64005E29BA /* RpnCalculator-Info.plist */,
				63F7032A1572DB64005E29BA /* InfoPlist.strings */,
				63F7032D1572DB64005E29BA /* main.m */,
				63F7032F1572DB64005E29BA /* RpnCalculator-Prefix.pch */,
			);
			name = "Supporting Files";
			sourceTree = "<group>";
		};
/* End PBXGroup section */

/* Begin PBXNativeTarget section */
		63F7031C1572DB64005E29BA /* RpnCalculator */ = {
			isa = PBXNativeTarget;
			buildConfigurationList = 63F7033B1572DB64005E29BA /* Build configuration list for PBXNativeTarget "RpnCalculator" */;
			buildPhases = (
				63F703191572DB64005E29BA /* Sources */,
				63F7031A1572DB64005E29BA /* Frameworks */,
				63F7031B1572DB64005E29BA /* Resources */,
			);
			buildRules = (
			);
			dependencies = (
			);
			name = RpnCalculator;
			productName = RpnCalculator;
			productReference = 63F7031D1572DB64005E29BA /* RpnCalculator.app */;
			productType = "com.apple.product-type.application";
		};
/* End PBXNativeTarget section */

/* Begin PBXProject section */
		63F703141572DB64005E29BA /* Project object */ = {
			isa = PBXProject;
			attributes = {
				LastUpgradeCheck = 0420;
			};
			buildConfigurationList = 63F703171572DB64005E29BA /* Build configuration list for PBXProject "RpnCalculator" */;
			compatibilityVersion = "Xcode 3.2";
			developmentRegion = English;
			hasScannedForEncodings = 0;
			knownRegions = (
				en,
			);
			mainGroup = 63F703121572DB64005E29BA;
			productRefGroup = 63F7031E1572DB64005E29BA /* Products */;
			projectDirPath = "";
			projectRoot = "";
			targets = (
				63F7031C1572DB64005E29BA /* RpnCalculator */,
			);
		};
/* End PBXProject section */

/* Begin PBXResourcesBuildPhase section */
		63F7031B1572DB64005E29BA /* Resources */ = {
			isa = PBXResourcesBuildPhase;
			buildActionMask = 2147483647;
			files = (
				63F7032C1572DB64005E29BA /* InfoPlist.strings in Resources */,
				63F703351572DB64005E29BA /* MainStoryboard.storyboard in Resources */,
			);
			runOnlyForDeploymentPostprocessing = 0;
		};
/* End PBXResourcesBuildPhase section */

/* Begin PBXSourcesBuildPhase section */
		63F703191572DB64005E29BA /* Sources */ = {
			isa = PBXSourcesBuildPhase;
			buildActionMask = 2147483647;
			files = (
				63F7032E1572DB64005E29BA /* main.m in Sources */,
				63F703321572DB64005E29BA /* CalculatorAppDelegate.m in Sources */,
				63F703381572DB64005E29BA /* CalculatorViewController.m in Sources */,
				6399ACB11573E4A3005A2290 /* CalculatorBrain.m in Sources */,
			);
			runOnlyForDeploymentPostprocessing = 0;
		};
/* End PBXSourcesBuildPhase section */

/* Begin PBXVariantGroup section */
		63F7032A1572DB64005E29BA /* InfoPlist.strings */ = {
			isa = PBXVariantGroup;
			children = (
				63F7032B1572DB64005E29BA /* en */,
			);
			name = InfoPlist.strings;
			sourceTree = "<group>";
		};
		63F703331572DB64005E29BA /* MainStoryboard.storyboard */ = {
			isa = PBXVariantGroup;
			children = (
				63F703341572DB64005E29BA /* en */,
			);
			name = MainStoryboard.storyboard;
			sourceTree = "<group>";
		};
/* End PBXVariantGroup section */

/* Begin XCBuildConfiguration section */
		63F703391572DB64005E29BA /* Debug */ = {
			isa = XCBuildConfiguration;
			buildSettings = {
				ALWAYS_SEARCH_USER_PATHS = NO;
				ARCHS = "$(ARCHS_STANDARD_32_BIT)";
				CLANG_ENABLE_OBJC_ARC = YES;
				"CODE_SIGN_IDENTITY[sdk=iphoneos*]" = "iPhone Developer";
				COPY_PHASE_STRIP = NO;
				GCC_C_LANGUAGE_STANDARD = gnu99;
				GCC_DYNAMIC_NO_PIC = NO;
				GCC_OPTIMIZATION_LEVEL = 0;
				GCC_PREPROCESSOR_DEFINITIONS = (
					"DEBUG=1",
					"$(inherited)",
				);
				GCC_SYMBOLS_PRIVATE_EXTERN = NO;
				GCC_VERSION = com.apple.compilers.llvm.clang.1_0;
				GCC_WARN_ABOUT_MISSING_PROTOTYPES = YES;
				GCC_WARN_ABOUT_RETURN_TYPE = YES;
				GCC_WARN_UNUSED_VARIABLE = YES;
				IPHONEOS_DEPLOYMENT_TARGET = 5.0;
				SDKROOT = iphoneos;
			};
			name = Debug;
		};
		63F7033A1572DB64005E29BA /* Release */ = {
			isa = XCBuildConfiguration;
			buildSettings = {
				ALWAYS_SEARCH_USER_PATHS = NO;
				ARCHS = "$(ARCHS_STANDARD_32_BIT)";
				CLANG_ENABLE_OBJC_ARC = YES;
				"CODE_SIGN_IDENTITY[sdk=iphoneos*]" = "iPhone Developer";
				COPY_PHASE_STRIP = YES;
				GCC_C_LANGUAGE_STANDARD = gnu99;
				GCC_VERSION = com.apple.compilers.llvm.clang.1_0;
				GCC_WARN_ABOUT_MISSING_PROTOTYPES = YES;
				GCC_WARN_ABOUT_RETURN_TYPE = YES;
				GCC_WARN_UNUSED_VARIABLE = YES;
				IPHONEOS_DEPLOYMENT_TARGET = 5.0;
				OTHER_CFLAGS = "-DNS_BLOCK_ASSERTIONS=1";
				SDKROOT = iphoneos;
				VALIDATE_PRODUCT = YES;
			};
			name = Release;
		};
		63F7033C1572DB64005E29BA /* Debug */ = {
			isa = XCBuildConfiguration;
			buildSettings = {
				ARCHS = "$(ARCHS_STANDARD_32_64_BIT)";
				GCC_PRECOMPILE_PREFIX_HEADER = YES;
				GCC_PREFIX_HEADER = "RpnCalculator/RpnCalculator-Prefix.pch";
				INFOPLIST_FILE = "RpnCalculator/RpnCalculator-Info.plist";
				PRODUCT_NAME = "$(TARGET_NAME)";
				SDKROOT = iphoneos;
				WRAPPER_EXTENSION = app;
			};
			name = Debug;
		};
		63F7033D1572DB64005E29BA /* Release */ = {
			isa = XCBuildConfiguration;
			buildSettings = {
				ARCHS = "$(ARCHS_STANDARD_32_64_BIT)";
				GCC_PRECOMPILE_PREFIX_HEADER = YES;
				GCC_PREFIX_HEADER = "RpnCalculator/RpnCalculator-Prefix.pch";
				INFOPLIST_FILE = "RpnCalculator/RpnCalculator-Info.plist";
				PRODUCT_NAME = "$(TARGET_NAME)";
				SDKROOT = iphoneos;
				WRAPPER_EXTENSION = app;
			};
			name = Release;
		};
/* End XCBuildConfiguration section */

/* Begin XCConfigurationList section */
		63F703171572DB64005E29BA /* Build configuration list for PBXProject "RpnCalculator" */ = {
			isa = XCConfigurationList;
			buildConfigurations = (
				63F703391572DB64005E29BA /* Debug */,
				63F7033A1572DB64005E29BA /* Release */,
			);
			defaultConfigurationIsVisible = 0;
			defaultConfigurationName = Release;
		};
		63F7033B1572DB64005E29BA /* Build configuration list for PBXNativeTarget "RpnCalculator" */ = {
			isa = XCConfigurationList;
			buildConfigurations = (
				63F7033C1572DB64005E29BA /* Debug */,
				63F7033D1572DB64005E29BA /* Release */,
			);
			defaultConfigurationIsVisible = 0;
			defaultConfigurationName = Release;
		};
/* End XCConfigurationList section */
	};
	rootObject = 63F703141572DB64005E29BA /* Project object */;
}
